
Microsoft Visual Studio Solution File, Format Version 12.00
# Visual Studio Version 17
VisualStudioVersion = 17.14.36121.58 d17.14
MinimumVisualStudioVersion = 10.0.40219.1
Project("{2150E333-8FDC-42A3-9474-1A3956D46DE8}") = "Domain", "Domain", "{02EA681E-C7D8-13C7-8484-4AC65E1B71E8}"
EndProject
Project("{FAE04EC0-301F-11D3-BF4B-00C04F79EFBC}") = "ShoppingApp.Domain", "ShoppingApp.Domain\ShoppingApp.Domain.csproj", "{FFFE0E60-6E81-433B-BA96-64C8647A3656}"
EndProject
Project("{2150E333-8FDC-42A3-9474-1A3956D46DE8}") = "Common", "Common", "{53912E47-D4B6-4351-B438-A9692A44F38F}"
EndProject
Project("{FAE04EC0-301F-11D3-BF4B-00C04F79EFBC}") = "ShoppingApp.GenericRepositories", "ShoppingApp.GenericRepositories\ShoppingApp.GenericRepositories.csproj", "{8D1E4C83-E676-4054-987A-3CF1AC8AF81E}"
EndProject
Project("{2150E333-8FDC-42A3-9474-1A3956D46DE8}") = "Infrastructure", "Infrastructure", "{D42BDB6A-2D06-42B5-8989-D6316A594483}"
EndProject
Project("{FAE04EC0-301F-11D3-BF4B-00C04F79EFBC}") = "ShoppingApp.EFRepositories", "ShoppingApp.EFRepositories\ShoppingApp.EFRepositories.csproj", "{7FD7E7AE-4E81-4DE5-8B18-FE24F8B7B06B}"
EndProject
Project("{2150E333-8FDC-42A3-9474-1A3956D46DE8}") = "Application", "Application", "{BB8705E0-48FA-4965-A1FE-BF624CD3AB72}"
EndProject
Project("{FAE04EC0-301F-11D3-BF4B-00C04F79EFBC}") = "ShoppingApp.BusinessObjects", "ShoppingApp.BusinessObjects\ShoppingApp.BusinessObjects.csproj", "{9D80C783-530C-4C08-BFEC-9480E304E8DD}"
EndProject
Project("{2150E333-8FDC-42A3-9474-1A3956D46DE8}") = "Presentation", "Presentation", "{44883230-7561-40A4-B902-EB54091F7945}"
EndProject
Project("{FAE04EC0-301F-11D3-BF4B-00C04F79EFBC}") = "ShoppingApp.API", "ShoppingApp.API\ShoppingApp.API.csproj", "{39273A06-AD8E-40BB-9E08-E253B89490E2}"
EndProject
Global
	GlobalSection(SolutionConfigurationPlatforms) = preSolution
		Debug|Any CPU = Debug|Any CPU
		Release|Any CPU = Release|Any CPU
	EndGlobalSection
	GlobalSection(ProjectConfigurationPlatforms) = postSolution
		{FFFE0E60-6E81-433B-BA96-64C8647A3656}.Debug|Any CPU.ActiveCfg = Debug|Any CPU
		{FFFE0E60-6E81-433B-BA96-64C8647A3656}.Debug|Any CPU.Build.0 = Debug|Any CPU
		{FFFE0E60-6E81-433B-BA96-64C8647A3656}.Release|Any CPU.ActiveCfg = Release|Any CPU
		{FFFE0E60-6E81-433B-BA96-64C8647A3656}.Release|Any CPU.Build.0 = Release|Any CPU
		{8D1E4C83-E676-4054-987A-3CF1AC8AF81E}.Debug|Any CPU.ActiveCfg = Debug|Any CPU
		{8D1E4C83-E676-4054-987A-3CF1AC8AF81E}.Debug|Any CPU.Build.0 = Debug|Any CPU
		{8D1E4C83-E676-4054-987A-3CF1AC8AF81E}.Release|Any CPU.ActiveCfg = Release|Any CPU
		{8D1E4C83-E676-4054-987A-3CF1AC8AF81E}.Release|Any CPU.Build.0 = Release|Any CPU
		{7FD7E7AE-4E81-4DE5-8B18-FE24F8B7B06B}.Debug|Any CPU.ActiveCfg = Debug|Any CPU
		{7FD7E7AE-4E81-4DE5-8B18-FE24F8B7B06B}.Debug|Any CPU.Build.0 = Debug|Any CPU
		{7FD7E7AE-4E81-4DE5-8B18-FE24F8B7B06B}.Release|Any CPU.ActiveCfg = Release|Any CPU
		{7FD7E7AE-4E81-4DE5-8B18-FE24F8B7B06B}.Release|Any CPU.Build.0 = Release|Any CPU
		{9D80C783-530C-4C08-BFEC-9480E304E8DD}.Debug|Any CPU.ActiveCfg = Debug|Any CPU
		{9D80C783-530C-4C08-BFEC-9480E304E8DD}.Debug|Any CPU.Build.0 = Debug|Any CPU
		{9D80C783-530C-4C08-BFEC-9480E304E8DD}.Release|Any CPU.ActiveCfg = Release|Any CPU
		{9D80C783-530C-4C08-BFEC-9480E304E8DD}.Release|Any CPU.Build.0 = Release|Any CPU
		{39273A06-AD8E-40BB-9E08-E253B89490E2}.Debug|Any CPU.ActiveCfg = Debug|Any CPU
		{39273A06-AD8E-40BB-9E08-E253B89490E2}.Debug|Any CPU.Build.0 = Debug|Any CPU
		{39273A06-AD8E-40BB-9E08-E253B89490E2}.Release|Any CPU.ActiveCfg = Release|Any CPU
		{39273A06-AD8E-40BB-9E08-E253B89490E2}.Release|Any CPU.Build.0 = Release|Any CPU
	EndGlobalSection
	GlobalSection(SolutionProperties) = preSolution
		HideSolutionNode = FALSE
	EndGlobalSection
	GlobalSection(NestedProjects) = preSolution
		{FFFE0E60-6E81-433B-BA96-64C8647A3656} = {02EA681E-C7D8-13C7-8484-4AC65E1B71E8}
		{8D1E4C83-E676-4054-987A-3CF1AC8AF81E} = {53912E47-D4B6-4351-B438-A9692A44F38F}
		{7FD7E7AE-4E81-4DE5-8B18-FE24F8B7B06B} = {D42BDB6A-2D06-42B5-8989-D6316A594483}
		{9D80C783-530C-4C08-BFEC-9480E304E8DD} = {BB8705E0-48FA-4965-A1FE-BF624CD3AB72}
		{39273A06-AD8E-40BB-9E08-E253B89490E2} = {44883230-7561-40A4-B902-EB54091F7945}
	EndGlobalSection
	GlobalSection(ExtensibilityGlobals) = postSolution
		SolutionGuid = {7101B59D-39BC-498D-82EF-4B69408555C8}
	EndGlobalSection
EndGlobal
