
Microsoft Visual Studio Solution File, Format Version 12.00
# Visual Studio Version 17
VisualStudioVersion = 17.14.36121.58 d17.14
MinimumVisualStudioVersion = 10.0.40219.1
Project("{FAE04EC0-301F-11D3-BF4B-00C04F79EFBC}") = "Lab03BlazorWebAssemblyApp", "Lab03BlazorWebAssemblyApp\Lab03BlazorWebAssemblyApp\Lab03BlazorWebAssemblyApp.csproj", "{C9E14E6C-4A9B-4C26-959C-C9C486435C9B}"
EndProject
Project("{FAE04EC0-301F-11D3-BF4B-00C04F79EFBC}") = "Lab03BlazorWebAssemblyApp.Client", "Lab03BlazorWebAssemblyApp\Lab03BlazorWebAssemblyApp.Client\Lab03BlazorWebAssemblyApp.Client.csproj", "{4167605C-54C3-4966-8479-B49E051A0C72}"
EndProject
Global
	GlobalSection(SolutionConfigurationPlatforms) = preSolution
		Debug|Any CPU = Debug|Any CPU
		Release|Any CPU = Release|Any CPU
	EndGlobalSection
	GlobalSection(ProjectConfigurationPlatforms) = postSolution
		{C9E14E6C-4A9B-4C26-959C-C9C486435C9B}.Debug|Any CPU.ActiveCfg = Debug|Any CPU
		{C9E14E6C-4A9B-4C26-959C-C9C486435C9B}.Debug|Any CPU.Build.0 = Debug|Any CPU
		{C9E14E6C-4A9B-4C26-959C-C9C486435C9B}.Release|Any CPU.ActiveCfg = Release|Any CPU
		{C9E14E6C-4A9B-4C26-959C-C9C486435C9B}.Release|Any CPU.Build.0 = Release|Any CPU
		{4167605C-54C3-4966-8479-B49E051A0C72}.Debug|Any CPU.ActiveCfg = Debug|Any CPU
		{4167605C-54C3-4966-8479-B49E051A0C72}.Debug|Any CPU.Build.0 = Debug|Any CPU
		{4167605C-54C3-4966-8479-B49E051A0C72}.Release|Any CPU.ActiveCfg = Release|Any CPU
		{4167605C-54C3-4966-8479-B49E051A0C72}.Release|Any CPU.Build.0 = Release|Any CPU
	EndGlobalSection
	GlobalSection(SolutionProperties) = preSolution
		HideSolutionNode = FALSE
	EndGlobalSection
	GlobalSection(ExtensibilityGlobals) = postSolution
		SolutionGuid = {EE4C0A1E-1893-45B9-B2F6-F0E88119FCC6}
	EndGlobalSection
EndGlobal
